
Microsoft Visual Studio Solution File, Format Version 12.00
# Visual Studio Version 17
VisualStudioVersion = 17.11.35312.102
MinimumVisualStudioVersion = 10.0.40219.1
Project("{FAE04EC0-301F-11D3-BF4B-00C04F79EFBC}") = "BL", "BL\BL.csproj", "{A82937E0-8FB0-44AC-A497-11CFB3520382}"
EndProject
Project("{FAE04EC0-301F-11D3-BF4B-00C04F79EFBC}") = "ML", "ML\ML.csproj", "{53E13FAD-F117-46FB-A662-23965E4FD426}"
EndProject
Project("{FAE04EC0-301F-11D3-BF4B-00C04F79EFBC}") = "DL", "DL\DL.csproj", "{56AF88B7-51D0-4E95-B0C8-70328D8835D6}"
EndProject
Project("{FAE04EC0-301F-11D3-BF4B-00C04F79EFBC}") = "PL_MVC", "PL_MVC\PL_MVC.csproj", "{D2E7F18E-A05A-46F2-99D5-E3DDF2B68E9B}"
EndProject
Global
	GlobalSection(SolutionConfigurationPlatforms) = preSolution
		Debug|Any CPU = Debug|Any CPU
		Release|Any CPU = Release|Any CPU
	EndGlobalSection
	GlobalSection(ProjectConfigurationPlatforms) = postSolution
		{A82937E0-8FB0-44AC-A497-11CFB3520382}.Debug|Any CPU.ActiveCfg = Debug|Any CPU
		{A82937E0-8FB0-44AC-A497-11CFB3520382}.Debug|Any CPU.Build.0 = Debug|Any CPU
		{A82937E0-8FB0-44AC-A497-11CFB3520382}.Release|Any CPU.ActiveCfg = Release|Any CPU
		{A82937E0-8FB0-44AC-A497-11CFB3520382}.Release|Any CPU.Build.0 = Release|Any CPU
		{53E13FAD-F117-46FB-A662-23965E4FD426}.Debug|Any CPU.ActiveCfg = Debug|Any CPU
		{53E13FAD-F117-46FB-A662-23965E4FD426}.Debug|Any CPU.Build.0 = Debug|Any CPU
		{53E13FAD-F117-46FB-A662-23965E4FD426}.Release|Any CPU.ActiveCfg = Release|Any CPU
		{53E13FAD-F117-46FB-A662-23965E4FD426}.Release|Any CPU.Build.0 = Release|Any CPU
		{56AF88B7-51D0-4E95-B0C8-70328D8835D6}.Debug|Any CPU.ActiveCfg = Debug|Any CPU
		{56AF88B7-51D0-4E95-B0C8-70328D8835D6}.Debug|Any CPU.Build.0 = Debug|Any CPU
		{56AF88B7-51D0-4E95-B0C8-70328D8835D6}.Release|Any CPU.ActiveCfg = Release|Any CPU
		{56AF88B7-51D0-4E95-B0C8-70328D8835D6}.Release|Any CPU.Build.0 = Release|Any CPU
		{D2E7F18E-A05A-46F2-99D5-E3DDF2B68E9B}.Debug|Any CPU.ActiveCfg = Debug|Any CPU
		{D2E7F18E-A05A-46F2-99D5-E3DDF2B68E9B}.Debug|Any CPU.Build.0 = Debug|Any CPU
		{D2E7F18E-A05A-46F2-99D5-E3DDF2B68E9B}.Release|Any CPU.ActiveCfg = Release|Any CPU
		{D2E7F18E-A05A-46F2-99D5-E3DDF2B68E9B}.Release|Any CPU.Build.0 = Release|Any CPU
	EndGlobalSection
	GlobalSection(SolutionProperties) = preSolution
		HideSolutionNode = FALSE
	EndGlobalSection
	GlobalSection(ExtensibilityGlobals) = postSolution
		SolutionGuid = {135DE376-B4F6-4DE5-846D-1DE855511A54}
	EndGlobalSection
EndGlobal
